
Microsoft Visual Studio Solution File, Format Version 12.00
# Visual Studio Version 17
VisualStudioVersion = 17.8.34316.72
MinimumVisualStudioVersion = 10.0.40219.1
Project("{FAE04EC0-301F-11D3-BF4B-00C04F79EFBC}") = "TaikoVanityAddressGenerator", "TaikoVanityAddressGenerator\TaikoVanityAddressGenerator.csproj", "{FD8A9035-F555-46CE-A68E-289E4368FDC4}"
EndProject
Global
	GlobalSection(SolutionConfigurationPlatforms) = preSolution
		Debug|Any CPU = Debug|Any CPU
		Release|Any CPU = Release|Any CPU
	EndGlobalSection
	GlobalSection(ProjectConfigurationPlatforms) = postSolution
		{FD8A9035-F555-46CE-A68E-289E4368FDC4}.Debug|Any CPU.ActiveCfg = Debug|Any CPU
		{FD8A9035-F555-46CE-A68E-289E4368FDC4}.Debug|Any CPU.Build.0 = Debug|Any CPU
		{FD8A9035-F555-46CE-A68E-289E4368FDC4}.Release|Any CPU.ActiveCfg = Release|Any CPU
		{FD8A9035-F555-46CE-A68E-289E4368FDC4}.Release|Any CPU.Build.0 = Release|Any CPU
	EndGlobalSection
	GlobalSection(SolutionProperties) = preSolution
		HideSolutionNode = FALSE
	EndGlobalSection
	GlobalSection(ExtensibilityGlobals) = postSolution
		SolutionGuid = {FF52E9A1-BFC2-4968-849E-96C67A9E783B}
	EndGlobalSection
EndGlobal
